
Microsoft Visual Studio Solution File, Format Version 12.00
# Visual Studio Version 16
VisualStudioVersion = 16.0.31729.503
MinimumVisualStudioVersion = 10.0.40219.1
Project("{FAE04EC0-301F-11D3-BF4B-00C04F79EFBC}") = "TrailerCalculator", "CarRegGames\TrailerCalculator.csproj", "{674DB190-81A7-4A95-B9AF-167BDD04D2AE}"
EndProject
Project("{FAE04EC0-301F-11D3-BF4B-00C04F79EFBC}") = "RightNrOfChar", "RightNrOfChar\RightNrOfChar.csproj", "{03902C91-4587-4003-938D-976912CBE2BD}"
EndProject
Project("{FAE04EC0-301F-11D3-BF4B-00C04F79EFBC}") = "Platespotting", "Platespotting\Platespotting.csproj", "{B013A168-65F8-40AB-988B-D2CB5BC70793}"
EndProject
Global
	GlobalSection(SolutionConfigurationPlatforms) = preSolution
		Debug|Any CPU = Debug|Any CPU
		Release|Any CPU = Release|Any CPU
	EndGlobalSection
	GlobalSection(ProjectConfigurationPlatforms) = postSolution
		{674DB190-81A7-4A95-B9AF-167BDD04D2AE}.Debug|Any CPU.ActiveCfg = Debug|Any CPU
		{674DB190-81A7-4A95-B9AF-167BDD04D2AE}.Debug|Any CPU.Build.0 = Debug|Any CPU
		{674DB190-81A7-4A95-B9AF-167BDD04D2AE}.Release|Any CPU.ActiveCfg = Release|Any CPU
		{674DB190-81A7-4A95-B9AF-167BDD04D2AE}.Release|Any CPU.Build.0 = Release|Any CPU
		{03902C91-4587-4003-938D-976912CBE2BD}.Debug|Any CPU.ActiveCfg = Debug|Any CPU
		{03902C91-4587-4003-938D-976912CBE2BD}.Debug|Any CPU.Build.0 = Debug|Any CPU
		{03902C91-4587-4003-938D-976912CBE2BD}.Release|Any CPU.ActiveCfg = Release|Any CPU
		{03902C91-4587-4003-938D-976912CBE2BD}.Release|Any CPU.Build.0 = Release|Any CPU
		{B013A168-65F8-40AB-988B-D2CB5BC70793}.Debug|Any CPU.ActiveCfg = Debug|Any CPU
		{B013A168-65F8-40AB-988B-D2CB5BC70793}.Debug|Any CPU.Build.0 = Debug|Any CPU
		{B013A168-65F8-40AB-988B-D2CB5BC70793}.Release|Any CPU.ActiveCfg = Release|Any CPU
		{B013A168-65F8-40AB-988B-D2CB5BC70793}.Release|Any CPU.Build.0 = Release|Any CPU
	EndGlobalSection
	GlobalSection(SolutionProperties) = preSolution
		HideSolutionNode = FALSE
	EndGlobalSection
	GlobalSection(ExtensibilityGlobals) = postSolution
		SolutionGuid = {DBFEA165-CAD2-4007-ABEF-DBD30A085968}
	EndGlobalSection
EndGlobal
